// !$*UTF8*$!
{
	archiveVersion = 1;
	classes = {
	};
	objectVersion = 77;
	objects = {

/* Begin PBXBuildFile section */
		3643F9682F328B6C0000D50C /* watch_home.svg in Resources */ = {isa = PBXBuildFile; fileRef = 3643F9662F328B6C0000D50C /* watch_home.svg */; };
		367C25322F32796500316D63 /* Nail Timer Watch App.app in Embed Watch Content */ = {isa = PBXBuildFile; fileRef = 367C25122F32796100316D63 /* Nail Timer Watch App.app */; settings = {ATTRIBUTES = (RemoveHeadersOnCopy, ); }; };
		36B237412F329ECB00066B13 /* design.md in Resources */ = {isa = PBXBuildFile; fileRef = 36B237402F329ECB00066B13 /* design.md */; };
		36B237432F329EDA00066B13 /* DataFlowChart.png in Resources */ = {isa = PBXBuildFile; fileRef = 36B237422F329EDA00066B13 /* DataFlowChart.png */; };
/* End PBXBuildFile section */

/* Begin PBXContainerItemProxy section */
		367C24F22F32790300316D63 /* PBXContainerItemProxy */ = {
			isa = PBXContainerItemProxy;
			containerPortal = 367C24DC2F32790100316D63 /* Project object */;
			proxyType = 1;
			remoteGlobalIDString = 367C24E32F32790100316D63;
			remoteInfo = NailGuard;
		};
		367C24FC2F32790300316D63 /* PBXContainerItemProxy */ = {
			isa = PBXContainerItemProxy;
			containerPortal = 367C24DC2F32790100316D63 /* Project object */;
			proxyType = 1;
			remoteGlobalIDString = 367C24E32F32790100316D63;
			remoteInfo = NailGuard;
		};
		367C251F2F32796500316D63 /* PBXContainerItemProxy */ = {
			isa = PBXContainerItemProxy;
			containerPortal = 367C24DC2F32790100316D63 /* Project object */;
			proxyType = 1;
			remoteGlobalIDString = 367C25112F32796100316D63;
			remoteInfo = "NailGuardWatch Watch App";
		};
		367C25292F32796500316D63 /* PBXContainerItemProxy */ = {
			isa = PBXContainerItemProxy;
			containerPortal = 367C24DC2F32790100316D63 /* Project object */;
			proxyType = 1;
			remoteGlobalIDString = 367C25112F32796100316D63;
			remoteInfo = "NailGuardWatch Watch App";
		};
		367C25302F32796500316D63 /* PBXContainerItemProxy */ = {
			isa = PBXContainerItemProxy;
			containerPortal = 367C24DC2F32790100316D63 /* Project object */;
			proxyType = 1;
			remoteGlobalIDString = 367C25112F32796100316D63;
			remoteInfo = "NailGuardWatch Watch App";
		};
/* End PBXContainerItemProxy section */

/* Begin PBXCopyFilesBuildPhase section */
		367C25362F32796500316D63 /* Embed Watch Content */ = {
			isa = PBXCopyFilesBuildPhase;
			buildActionMask = 2147483647;
			dstPath = "$(CONTENTS_FOLDER_PATH)/Watch";
			dstSubfolderSpec = 16;
			files = (
				367C25322F32796500316D63 /* Nail Timer Watch App.app in Embed Watch Content */,
			);
			name = "Embed Watch Content";
			runOnlyForDeploymentPostprocessing = 0;
		};
/* End PBXCopyFilesBuildPhase section */

/* Begin PBXFileReference section */
		3643F9662F328B6C0000D50C /* watch_home.svg */ = {isa = PBXFileReference; lastKnownFileType = text; path = watch_home.svg; sourceTree = "<group>"; };
		367C24E42F32790100316D63 /* Nail Timer.app */ = {isa = PBXFileReference; explicitFileType = wrapper.application; includeInIndex = 0; path = "Nail Timer.app"; sourceTree = BUILT_PRODUCTS_DIR; };
		367C24F12F32790300316D63 /* NailGuardTests.xctest */ = {isa = PBXFileReference; explicitFileType = wrapper.cfbundle; includeInIndex = 0; path = NailGuardTests.xctest; sourceTree = BUILT_PRODUCTS_DIR; };
		367C24FB2F32790300316D63 /* NailGuardUITests.xctest */ = {isa = PBXFileReference; explicitFileType = wrapper.cfbundle; includeInIndex = 0; path = NailGuardUITests.xctest; sourceTree = BUILT_PRODUCTS_DIR; };
		367C25122F32796100316D63 /* Nail Timer Watch App.app */ = {isa = PBXFileReference; explicitFileType = wrapper.application; includeInIndex = 0; path = "Nail Timer Watch App.app"; sourceTree = BUILT_PRODUCTS_DIR; };
		367C251E2F32796500316D63 /* NailGuardWatch Watch AppTests.xctest */ = {isa = PBXFileReference; explicitFileType = wrapper.cfbundle; includeInIndex = 0; path = "NailGuardWatch Watch AppTests.xctest"; sourceTree = BUILT_PRODUCTS_DIR; };
		367C25282F32796500316D63 /* NailGuardWatch Watch AppUITests.xctest */ = {isa = PBXFileReference; explicitFileType = wrapper.cfbundle; includeInIndex = 0; path = "NailGuardWatch Watch AppUITests.xctest"; sourceTree = BUILT_PRODUCTS_DIR; };
		36B237402F329ECB00066B13 /* design.md */ = {isa = PBXFileReference; lastKnownFileType = net.daringfireball.markdown; path = design.md; sourceTree = "<group>"; };
		36B237422F329EDA00066B13 /* DataFlowChart.png */ = {isa = PBXFileReference; lastKnownFileType = image.png; path = DataFlowChart.png; sourceTree = "<group>"; };
/* End PBXFileReference section */

/* Begin PBXFileSystemSynchronizedBuildFileExceptionSet section */
		36B237A12F33BFDB00066B13 /* Exceptions for "NailGuard" folder in "NailGuardWatch Watch App" target */ = {
			isa = PBXFileSystemSynchronizedBuildFileExceptionSet;
			membershipExceptions = (
				Shared/CircularButton.swift,
				Shared/Models/BiteEvent.swift,
			);
			target = 367C25112F32796100316D63 /* NailGuardWatch Watch App */;
		};
/* End PBXFileSystemSynchronizedBuildFileExceptionSet section */

/* Begin PBXFileSystemSynchronizedRootGroup section */
		367C24E62F32790100316D63 /* NailGuard */ = {
			isa = PBXFileSystemSynchronizedRootGroup;
			exceptions = (
				36B237A12F33BFDB00066B13 /* Exceptions for "NailGuard" folder in "NailGuardWatch Watch App" target */,
			);
			path = NailGuard;
			sourceTree = "<group>";
		};
		367C24F42F32790300316D63 /* NailGuardTests */ = {
			isa = PBXFileSystemSynchronizedRootGroup;
			path = NailGuardTests;
			sourceTree = "<group>";
		};
		367C24FE2F32790300316D63 /* NailGuardUITests */ = {
			isa = PBXFileSystemSynchronizedRootGroup;
			path = NailGuardUITests;
			sourceTree = "<group>";
		};
		367C25132F32796100316D63 /* NailGuardWatch Watch App */ = {
			isa = PBXFileSystemSynchronizedRootGroup;
			path = "NailGuardWatch Watch App";
			sourceTree = "<group>";
		};
		367C25212F32796500316D63 /* NailGuardWatch Watch AppTests */ = {
			isa = PBXFileSystemSynchronizedRootGroup;
			path = "NailGuardWatch Watch AppTests";
			sourceTree = "<group>";
		};
		367C252B2F32796500316D63 /* NailGuardWatch Watch AppUITests */ = {
			isa = PBXFileSystemSynchronizedRootGroup;
			path = "NailGuardWatch Watch AppUITests";
			sourceTree = "<group>";
		};
/* End PBXFileSystemSynchronizedRootGroup section */

/* Begin PBXFrameworksBuildPhase section */
		367C24E12F32790100316D63 /* Frameworks */ = {
			isa = PBXFrameworksBuildPhase;
			buildActionMask = 2147483647;
			files = (
			);
			runOnlyForDeploymentPostprocessing = 0;
		};
		367C24EE2F32790300316D63 /* Frameworks */ = {
			isa = PBXFrameworksBuildPhase;
			buildActionMask = 2147483647;
			files = (
			);
			runOnlyForDeploymentPostprocessing = 0;
		};
		367C24F82F32790300316D63 /* Frameworks */ = {
			isa = PBXFrameworksBuildPhase;
			buildActionMask = 2147483647;
			files = (
			);
			runOnlyForDeploymentPostprocessing = 0;
		};
		367C250F2F32796100316D63 /* Frameworks */ = {
			isa = PBXFrameworksBuildPhase;
			buildActionMask = 2147483647;
			files = (
			);
			runOnlyForDeploymentPostprocessing = 0;
		};
		367C251B2F32796500316D63 /* Frameworks */ = {
			isa = PBXFrameworksBuildPhase;
			buildActionMask = 2147483647;
			files = (
			);
			runOnlyForDeploymentPostprocessing = 0;
		};
		367C25252F32796500316D63 /* Frameworks */ = {
			isa = PBXFrameworksBuildPhase;
			buildActionMask = 2147483647;
			files = (
			);
			runOnlyForDeploymentPostprocessing = 0;
		};
/* End PBXFrameworksBuildPhase section */

/* Begin PBXGroup section */
		3643F9672F328B6C0000D50C /* Docs */ = {
			isa = PBXGroup;
			children = (
				36B237402F329ECB00066B13 /* design.md */,
				36B237422F329EDA00066B13 /* DataFlowChart.png */,
				3643F9662F328B6C0000D50C /* watch_home.svg */,
			);
			path = Docs;
			sourceTree = "<group>";
		};
		367C24DB2F32790100316D63 = {
			isa = PBXGroup;
			children = (
				3643F9672F328B6C0000D50C /* Docs */,
				367C24E62F32790100316D63 /* NailGuard */,
				367C24F42F32790300316D63 /* NailGuardTests */,
				367C24FE2F32790300316D63 /* NailGuardUITests */,
				367C25132F32796100316D63 /* NailGuardWatch Watch App */,
				367C25212F32796500316D63 /* NailGuardWatch Watch AppTests */,
				367C252B2F32796500316D63 /* NailGuardWatch Watch AppUITests */,
				367C24E52F32790100316D63 /* Products */,
			);
			sourceTree = "<group>";
		};
		367C24E52F32790100316D63 /* Products */ = {
			isa = PBXGroup;
			children = (
				367C24E42F32790100316D63 /* Nail Timer.app */,
				367C24F12F32790300316D63 /* NailGuardTests.xctest */,
				367C24FB2F32790300316D63 /* NailGuardUITests.xctest */,
				367C25122F32796100316D63 /* Nail Timer Watch App.app */,
				367C251E2F32796500316D63 /* NailGuardWatch Watch AppTests.xctest */,
				367C25282F32796500316D63 /* NailGuardWatch Watch AppUITests.xctest */,
			);
			name = Products;
			sourceTree = "<group>";
		};
/* End PBXGroup section */

/* Begin PBXNativeTarget section */
		367C24E32F32790100316D63 /* NailGuard */ = {
			isa = PBXNativeTarget;
			buildConfigurationList = 367C25052F32790300316D63 /* Build configuration list for PBXNativeTarget "NailGuard" */;
			buildPhases = (
				367C24E02F32790100316D63 /* Sources */,
				367C24E12F32790100316D63 /* Frameworks */,
				367C24E22F32790100316D63 /* Resources */,
				367C25362F32796500316D63 /* Embed Watch Content */,
			);
			buildRules = (
			);
			dependencies = (
				367C25312F32796500316D63 /* PBXTargetDependency */,
			);
			fileSystemSynchronizedGroups = (
				367C24E62F32790100316D63 /* NailGuard */,
			);
			name = NailGuard;
			packageProductDependencies = (
			);
			productName = NailGuard;
			productReference = 367C24E42F32790100316D63 /* Nail Timer.app */;
			productType = "com.apple.product-type.application";
		};
		367C24F02F32790300316D63 /* NailGuardTests */ = {
			isa = PBXNativeTarget;
			buildConfigurationList = 367C25082F32790300316D63 /* Build configuration list for PBXNativeTarget "NailGuardTests" */;
			buildPhases = (
				367C24ED2F32790300316D63 /* Sources */,
				367C24EE2F32790300316D63 /* Frameworks */,
				367C24EF2F32790300316D63 /* Resources */,
			);
			buildRules = (
			);
			dependencies = (
				367C24F32F32790300316D63 /* PBXTargetDependency */,
			);
			fileSystemSynchronizedGroups = (
				367C24F42F32790300316D63 /* NailGuardTests */,
			);
			name = NailGuardTests;
			packageProductDependencies = (
			);
			productName = NailGuardTests;
			productReference = 367C24F12F32790300316D63 /* NailGuardTests.xctest */;
			productType = "com.apple.product-type.bundle.unit-test";
		};
		367C24FA2F32790300316D63 /* NailGuardUITests */ = {
			isa = PBXNativeTarget;
			buildConfigurationList = 367C250B2F32790300316D63 /* Build configuration list for PBXNativeTarget "NailGuardUITests" */;
			buildPhases = (
				367C24F72F32790300316D63 /* Sources */,
				367C24F82F32790300316D63 /* Frameworks */,
				367C24F92F32790300316D63 /* Resources */,
			);
			buildRules = (
			);
			dependencies = (
				367C24FD2F32790300316D63 /* PBXTargetDependency */,
			);
			fileSystemSynchronizedGroups = (
				367C24FE2F32790300316D63 /* NailGuardUITests */,
			);
			name = NailGuardUITests;
			packageProductDependencies = (
			);
			productName = NailGuardUITests;
			productReference = 367C24FB2F32790300316D63 /* NailGuardUITests.xctest */;
			productType = "com.apple.product-type.bundle.ui-testing";
		};
		367C25112F32796100316D63 /* NailGuardWatch Watch App */ = {
			isa = PBXNativeTarget;
			buildConfigurationList = 367C25332F32796500316D63 /* Build configuration list for PBXNativeTarget "NailGuardWatch Watch App" */;
			buildPhases = (
				367C250E2F32796100316D63 /* Sources */,
				367C250F2F32796100316D63 /* Frameworks */,
				367C25102F32796100316D63 /* Resources */,
			);
			buildRules = (
			);
			dependencies = (
			);
			fileSystemSynchronizedGroups = (
				367C25132F32796100316D63 /* NailGuardWatch Watch App */,
			);
			name = "NailGuardWatch Watch App";
			packageProductDependencies = (
			);
			productName = "NailGuardWatch Watch App";
			productReference = 367C25122F32796100316D63 /* Nail Timer Watch App.app */;
			productType = "com.apple.product-type.application";
		};
		367C251D2F32796500316D63 /* NailGuardWatch Watch AppTests */ = {
			isa = PBXNativeTarget;
			buildConfigurationList = 367C25372F32796500316D63 /* Build configuration list for PBXNativeTarget "NailGuardWatch Watch AppTests" */;
			buildPhases = (
				367C251A2F32796500316D63 /* Sources */,
				367C251B2F32796500316D63 /* Frameworks */,
				367C251C2F32796500316D63 /* Resources */,
			);
			buildRules = (
			);
			dependencies = (
				367C25202F32796500316D63 /* PBXTargetDependency */,
			);
			fileSystemSynchronizedGroups = (
				367C25212F32796500316D63 /* NailGuardWatch Watch AppTests */,
			);
			name = "NailGuardWatch Watch AppTests";
			packageProductDependencies = (
			);
			productName = "NailGuardWatch Watch AppTests";
			productReference = 367C251E2F32796500316D63 /* NailGuardWatch Watch AppTests.xctest */;
			productType = "com.apple.product-type.bundle.unit-test";
		};
		367C25272F32796500316D63 /* NailGuardWatch Watch AppUITests */ = {
			isa = PBXNativeTarget;
			buildConfigurationList = 367C253A2F32796500316D63 /* Build configuration list for PBXNativeTarget "NailGuardWatch Watch AppUITests" */;
			buildPhases = (
				367C25242F32796500316D63 /* Sources */,
				367C25252F32796500316D63 /* Frameworks */,
				367C25262F32796500316D63 /* Resources */,
			);
			buildRules = (
			);
			dependencies = (
				367C252A2F32796500316D63 /* PBXTargetDependency */,
			);
			fileSystemSynchronizedGroups = (
				367C252B2F32796500316D63 /* NailGuardWatch Watch AppUITests */,
			);
			name = "NailGuardWatch Watch AppUITests";
			packageProductDependencies = (
			);
			productName = "NailGuardWatch Watch AppUITests";
			productReference = 367C25282F32796500316D63 /* NailGuardWatch Watch AppUITests.xctest */;
			productType = "com.apple.product-type.bundle.ui-testing";
		};
/* End PBXNativeTarget section */

/* Begin PBXProject section */
		367C24DC2F32790100316D63 /* Project object */ = {
			isa = PBXProject;
			attributes = {
				BuildIndependentTargetsInParallel = 1;
				LastSwiftUpdateCheck = 2620;
				LastUpgradeCheck = 2620;
				TargetAttributes = {
					367C24E32F32790100316D63 = {
						CreatedOnToolsVersion = 26.2;
					};
					367C24F02F32790300316D63 = {
						CreatedOnToolsVersion = 26.2;
						TestTargetID = 367C24E32F32790100316D63;
					};
					367C24FA2F32790300316D63 = {
						CreatedOnToolsVersion = 26.2;
						TestTargetID = 367C24E32F32790100316D63;
					};
					367C25112F32796100316D63 = {
						CreatedOnToolsVersion = 26.2;
					};
					367C251D2F32796500316D63 = {
						CreatedOnToolsVersion = 26.2;
						TestTargetID = 367C25112F32796100316D63;
					};
					367C25272F32796500316D63 = {
						CreatedOnToolsVersion = 26.2;
						TestTargetID = 367C25112F32796100316D63;
					};
				};
			};
			buildConfigurationList = 367C24DF2F32790100316D63 /* Build configuration list for PBXProject "NailGuard" */;
			developmentRegion = en;
			hasScannedForEncodings = 0;
			knownRegions = (
				en,
				Base,
			);
			mainGroup = 367C24DB2F32790100316D63;
			minimizedProjectReferenceProxies = 1;
			preferredProjectObjectVersion = 77;
			productRefGroup = 367C24E52F32790100316D63 /* Products */;
			projectDirPath = "";
			projectRoot = "";
			targets = (
				367C24E32F32790100316D63 /* NailGuard */,
				367C24F02F32790300316D63 /* NailGuardTests */,
				367C24FA2F32790300316D63 /* NailGuardUITests */,
				367C25112F32796100316D63 /* NailGuardWatch Watch App */,
				367C251D2F32796500316D63 /* NailGuardWatch Watch AppTests */,
				367C25272F32796500316D63 /* NailGuardWatch Watch AppUITests */,
			);
		};
/* End PBXProject section */

/* Begin PBXResourcesBuildPhase section */
		367C24E22F32790100316D63 /* Resources */ = {
			isa = PBXResourcesBuildPhase;
			buildActionMask = 2147483647;
			files = (
				36B237432F329EDA00066B13 /* DataFlowChart.png in Resources */,
				3643F9682F328B6C0000D50C /* watch_home.svg in Resources */,
				36B237412F329ECB00066B13 /* design.md in Resources */,
			);
			runOnlyForDeploymentPostprocessing = 0;
		};
		367C24EF2F32790300316D63 /* Resources */ = {
			isa = PBXResourcesBuildPhase;
			buildActionMask = 2147483647;
			files = (
			);
			runOnlyForDeploymentPostprocessing = 0;
		};
		367C24F92F32790300316D63 /* Resources */ = {
			isa = PBXResourcesBuildPhase;
			buildActionMask = 2147483647;
			files = (
			);
			runOnlyForDeploymentPostprocessing = 0;
		};
		367C25102F32796100316D63 /* Resources */ = {
			isa = PBXResourcesBuildPhase;
			buildActionMask = 2147483647;
			files = (
			);
			runOnlyForDeploymentPostprocessing = 0;
		};
		367C251C2F32796500316D63 /* Resources */ = {
			isa = PBXResourcesBuildPhase;
			buildActionMask = 2147483647;
			files = (
			);
			runOnlyForDeploymentPostprocessing = 0;
		};
		367C25262F32796500316D63 /* Resources */ = {
			isa = PBXResourcesBuildPhase;
			buildActionMask = 2147483647;
			files = (
			);
			runOnlyForDeploymentPostprocessing = 0;
		};
/* End PBXResourcesBuildPhase section */

/* Begin PBXSourcesBuildPhase section */
		367C24E02F32790100316D63 /* Sources */ = {
			isa = PBXSourcesBuildPhase;
			buildActionMask = 2147483647;
			files = (
			);
			runOnlyForDeploymentPostprocessing = 0;
		};
		367C24ED2F32790300316D63 /* Sources */ = {
			isa = PBXSourcesBuildPhase;
			buildActionMask = 2147483647;
			files = (
			);
			runOnlyForDeploymentPostprocessing = 0;
		};
		367C24F72F32790300316D63 /* Sources */ = {
			isa = PBXSourcesBuildPhase;
			buildActionMask = 2147483647;
			files = (
			);
			runOnlyForDeploymentPostprocessing = 0;
		};
		367C250E2F32796100316D63 /* Sources */ = {
			isa = PBXSourcesBuildPhase;
			buildActionMask = 2147483647;
			files = (
			);
			runOnlyForDeploymentPostprocessing = 0;
		};
		367C251A2F32796500316D63 /* Sources */ = {
			isa = PBXSourcesBuildPhase;
			buildActionMask = 2147483647;
			files = (
			);
			runOnlyForDeploymentPostprocessing = 0;
		};
		367C25242F32796500316D63 /* Sources */ = {
			isa = PBXSourcesBuildPhase;
			buildActionMask = 2147483647;
			files = (
			);
			runOnlyForDeploymentPostprocessing = 0;
		};
/* End PBXSourcesBuildPhase section */

/* Begin PBXTargetDependency section */
		367C24F32F32790300316D63 /* PBXTargetDependency */ = {
			isa = PBXTargetDependency;
			target = 367C24E32F32790100316D63 /* NailGuard */;
			targetProxy = 367C24F22F32790300316D63 /* PBXContainerItemProxy */;
		};
		367C24FD2F32790300316D63 /* PBXTargetDependency */ = {
			isa = PBXTargetDependency;
			target = 367C24E32F32790100316D63 /* NailGuard */;
			targetProxy = 367C24FC2F32790300316D63 /* PBXContainerItemProxy */;
		};
		367C25202F32796500316D63 /* PBXTargetDependency */ = {
			isa = PBXTargetDependency;
			target = 367C25112F32796100316D63 /* NailGuardWatch Watch App */;
			targetProxy = 367C251F2F32796500316D63 /* PBXContainerItemProxy */;
		};
		367C252A2F32796500316D63 /* PBXTargetDependency */ = {
			isa = PBXTargetDependency;
			target = 367C25112F32796100316D63 /* NailGuardWatch Watch App */;
			targetProxy = 367C25292F32796500316D63 /* PBXContainerItemProxy */;
		};
		367C25312F32796500316D63 /* PBXTargetDependency */ = {
			isa = PBXTargetDependency;
			target = 367C25112F32796100316D63 /* NailGuardWatch Watch App */;
			targetProxy = 367C25302F32796500316D63 /* PBXContainerItemProxy */;
		};
/* End PBXTargetDependency section */

/* Begin XCBuildConfiguration section */
		367C25032F32790300316D63 /* Debug */ = {
			isa = XCBuildConfiguration;
			buildSettings = {
				ALWAYS_SEARCH_USER_PATHS = NO;
				ASSETCATALOG_COMPILER_GENERATE_SWIFT_ASSET_SYMBOL_EXTENSIONS = YES;
				CLANG_ANALYZER_NONNULL = YES;
				CLANG_ANALYZER_NUMBER_OBJECT_CONVERSION = YES_AGGRESSIVE;
				CLANG_CXX_LANGUAGE_STANDARD = "gnu++20";
				CLANG_ENABLE_MODULES = YES;
				CLANG_ENABLE_OBJC_ARC = YES;
				CLANG_ENABLE_OBJC_WEAK = YES;
				CLANG_WARN_BLOCK_CAPTURE_AUTORELEASING = YES;
				CLANG_WARN_BOOL_CONVERSION = YES;
				CLANG_WARN_COMMA = YES;
				CLANG_WARN_CONSTANT_CONVERSION = YES;
				CLANG_WARN_DEPRECATED_OBJC_IMPLEMENTATIONS = YES;
				CLANG_WARN_DIRECT_OBJC_ISA_USAGE = YES_ERROR;
				CLANG_WARN_DOCUMENTATION_COMMENTS = YES;
				CLANG_WARN_EMPTY_BODY = YES;
				CLANG_WARN_ENUM_CONVERSION = YES;
				CLANG_WARN_INFINITE_RECURSION = YES;
				CLANG_WARN_INT_CONVERSION = YES;
				CLANG_WARN_NON_LITERAL_NULL_CONVERSION = YES;
				CLANG_WARN_OBJC_IMPLICIT_RETAIN_SELF = YES;
				CLANG_WARN_OBJC_LITERAL_CONVERSION = YES;
				CLANG_WARN_OBJC_ROOT_CLASS = YES_ERROR;
				CLANG_WARN_QUOTED_INCLUDE_IN_FRAMEWORK_HEADER = YES;
				CLANG_WARN_RANGE_LOOP_ANALYSIS = YES;
				CLANG_WARN_STRICT_PROTOTYPES = YES;
				CLANG_WARN_SUSPICIOUS_MOVE = YES;
				CLANG_WARN_UNGUARDED_AVAILABILITY = YES_AGGRESSIVE;
				CLANG_WARN_UNREACHABLE_CODE = YES;
				CLANG_WARN__DUPLICATE_METHOD_MATCH = YES;
				COPY_PHASE_STRIP = NO;
				DEBUG_INFORMATION_FORMAT = dwarf;
				DEVELOPMENT_TEAM = 5C7PJ9NG5T;
				ENABLE_STRICT_OBJC_MSGSEND = YES;
				ENABLE_TESTABILITY = YES;
				ENABLE_USER_SCRIPT_SANDBOXING = YES;
				GCC_C_LANGUAGE_STANDARD = gnu17;
				GCC_DYNAMIC_NO_PIC = NO;
				GCC_NO_COMMON_BLOCKS = YES;
				GCC_OPTIMIZATION_LEVEL = 0;
				GCC_PREPROCESSOR_DEFINITIONS = (
					"DEBUG=1",
					"$(inherited)",
				);
				GCC_WARN_64_TO_32_BIT_CONVERSION = YES;
				GCC_WARN_ABOUT_RETURN_TYPE = YES_ERROR;
				GCC_WARN_UNDECLARED_SELECTOR = YES;
				GCC_WARN_UNINITIALIZED_AUTOS = YES_AGGRESSIVE;
				GCC_WARN_UNUSED_FUNCTION = YES;
				GCC_WARN_UNUSED_VARIABLE = YES;
				IPHONEOS_DEPLOYMENT_TARGET = 26.2;
				LOCALIZATION_PREFERS_STRING_CATALOGS = YES;
				MTL_ENABLE_DEBUG_INFO = INCLUDE_SOURCE;
				MTL_FAST_MATH = YES;
				ONLY_ACTIVE_ARCH = YES;
				SDKROOT = iphoneos;
				SWIFT_ACTIVE_COMPILATION_CONDITIONS = "DEBUG $(inherited)";
				SWIFT_OPTIMIZATION_LEVEL = "-Onone";
			};
			name = Debug;
		};
		367C25042F32790300316D63 /* Release */ = {
			isa = XCBuildConfiguration;
			buildSettings = {
				ALWAYS_SEARCH_USER_PATHS = NO;
				ASSETCATALOG_COMPILER_GENERATE_SWIFT_ASSET_SYMBOL_EXTENSIONS = YES;
				CLANG_ANALYZER_NONNULL = YES;
				CLANG_ANALYZER_NUMBER_OBJECT_CONVERSION = YES_AGGRESSIVE;
				CLANG_CXX_LANGUAGE_STANDARD = "gnu++20";
				CLANG_ENABLE_MODULES = YES;
				CLANG_ENABLE_OBJC_ARC = YES;
				CLANG_ENABLE_OBJC_WEAK = YES;
				CLANG_WARN_BLOCK_CAPTURE_AUTORELEASING = YES;
				CLANG_WARN_BOOL_CONVERSION = YES;
				CLANG_WARN_COMMA = YES;
				CLANG_WARN_CONSTANT_CONVERSION = YES;
				CLANG_WARN_DEPRECATED_OBJC_IMPLEMENTATIONS = YES;
				CLANG_WARN_DIRECT_OBJC_ISA_USAGE = YES_ERROR;
				CLANG_WARN_DOCUMENTATION_COMMENTS = YES;
				CLANG_WARN_EMPTY_BODY = YES;
				CLANG_WARN_ENUM_CONVERSION = YES;
				CLANG_WARN_INFINITE_RECURSION = YES;
				CLANG_WARN_INT_CONVERSION = YES;
				CLANG_WARN_NON_LITERAL_NULL_CONVERSION = YES;
				CLANG_WARN_OBJC_IMPLICIT_RETAIN_SELF = YES;
				CLANG_WARN_OBJC_LITERAL_CONVERSION = YES;
				CLANG_WARN_OBJC_ROOT_CLASS = YES_ERROR;
				CLANG_WARN_QUOTED_INCLUDE_IN_FRAMEWORK_HEADER = YES;
				CLANG_WARN_RANGE_LOOP_ANALYSIS = YES;
				CLANG_WARN_STRICT_PROTOTYPES = YES;
				CLANG_WARN_SUSPICIOUS_MOVE = YES;
				CLANG_WARN_UNGUARDED_AVAILABILITY = YES_AGGRESSIVE;
				CLANG_WARN_UNREACHABLE_CODE = YES;
				CLANG_WARN__DUPLICATE_METHOD_MATCH = YES;
				COPY_PHASE_STRIP = NO;
				DEBUG_INFORMATION_FORMAT = "dwarf-with-dsym";
				DEVELOPMENT_TEAM = 5C7PJ9NG5T;
				ENABLE_NS_ASSERTIONS = NO;
				ENABLE_STRICT_OBJC_MSGSEND = YES;
				ENABLE_USER_SCRIPT_SANDBOXING = YES;
				GCC_C_LANGUAGE_STANDARD = gnu17;
				GCC_NO_COMMON_BLOCKS = YES;
				GCC_WARN_64_TO_32_BIT_CONVERSION = YES;
				GCC_WARN_ABOUT_RETURN_TYPE = YES_ERROR;
				GCC_WARN_UNDECLARED_SELECTOR = YES;
				GCC_WARN_UNINITIALIZED_AUTOS = YES_AGGRESSIVE;
				GCC_WARN_UNUSED_FUNCTION = YES;
				GCC_WARN_UNUSED_VARIABLE = YES;
				IPHONEOS_DEPLOYMENT_TARGET = 26.2;
				LOCALIZATION_PREFERS_STRING_CATALOGS = YES;
				MTL_ENABLE_DEBUG_INFO = NO;
				MTL_FAST_MATH = YES;
				SDKROOT = iphoneos;
				SWIFT_COMPILATION_MODE = wholemodule;
				VALIDATE_PRODUCT = YES;
			};
			name = Release;
		};
		367C25062F32790300316D63 /* Debug */ = {
			isa = XCBuildConfiguration;
			buildSettings = {
				ASSETCATALOG_COMPILER_APPICON_NAME = AppIcon;
				ASSETCATALOG_COMPILER_GLOBAL_ACCENT_COLOR_NAME = AccentColor;
				ASSETCATALOG_COMPILER_INCLUDE_ALL_APPICON_ASSETS = YES;
				CODE_SIGN_ENTITLEMENTS = NailGuard/NailGuard.entitlements;
				CODE_SIGN_STYLE = Automatic;
				CURRENT_PROJECT_VERSION = 1;
				DEVELOPMENT_TEAM = XQ9J2D9T83;
				ENABLE_PREVIEWS = YES;
				GENERATE_INFOPLIST_FILE = YES;
				INFOPLIST_KEY_LSApplicationCategoryType = "public.app-category.healthcare-fitness";
				INFOPLIST_KEY_UIApplicationSceneManifest_Generation = YES;
				INFOPLIST_KEY_UIApplicationSupportsIndirectInputEvents = YES;
				INFOPLIST_KEY_UILaunchScreen_Generation = YES;
				INFOPLIST_KEY_UIRequiresFullScreen = YES;
				INFOPLIST_KEY_UISupportedInterfaceOrientations = "UIInterfaceOrientationPortrait UIInterfaceOrientationPortraitUpsideDown";
				IPHONEOS_DEPLOYMENT_TARGET = 17.6;
				LD_RUNPATH_SEARCH_PATHS = (
					"$(inherited)",
					"@executable_path/Frameworks",
				);
				MARKETING_VERSION = 1.0;
				PRODUCT_BUNDLE_IDENTIFIER = us.bigtimer.rcsw.NailGuard;
				PRODUCT_NAME = "Nail Timer";
				STRING_CATALOG_GENERATE_SYMBOLS = YES;
				SWIFT_APPROACHABLE_CONCURRENCY = YES;
				SWIFT_DEFAULT_ACTOR_ISOLATION = MainActor;
				SWIFT_EMIT_LOC_STRINGS = YES;
				SWIFT_UPCOMING_FEATURE_MEMBER_IMPORT_VISIBILITY = YES;
				SWIFT_VERSION = 5.0;
				TARGETED_DEVICE_FAMILY = "1,2";
			};
			name = Debug;
		};
		367C25072F32790300316D63 /* Release */ = {
			isa = XCBuildConfiguration;
			buildSettings = {
				ASSETCATALOG_COMPILER_APPICON_NAME = AppIcon;
				ASSETCATALOG_COMPILER_GLOBAL_ACCENT_COLOR_NAME = AccentColor;
				ASSETCATALOG_COMPILER_INCLUDE_ALL_APPICON_ASSETS = YES;
				CODE_SIGN_ENTITLEMENTS = NailGuard/NailGuard.entitlements;
				CODE_SIGN_STYLE = Automatic;
				CURRENT_PROJECT_VERSION = 1;
				DEVELOPMENT_TEAM = XQ9J2D9T83;
				ENABLE_PREVIEWS = YES;
				GENERATE_INFOPLIST_FILE = YES;
				INFOPLIST_KEY_LSApplicationCategoryType = "public.app-category.healthcare-fitness";
				INFOPLIST_KEY_UIApplicationSceneManifest_Generation = YES;
				INFOPLIST_KEY_UIApplicationSupportsIndirectInputEvents = YES;
				INFOPLIST_KEY_UILaunchScreen_Generation = YES;
				INFOPLIST_KEY_UIRequiresFullScreen = YES;
				INFOPLIST_KEY_UISupportedInterfaceOrientations = "UIInterfaceOrientationPortrait UIInterfaceOrientationPortraitUpsideDown";
				IPHONEOS_DEPLOYMENT_TARGET = 17.6;
				LD_RUNPATH_SEARCH_PATHS = (
					"$(inherited)",
					"@executable_path/Frameworks",
				);
				MARKETING_VERSION = 1.0;
				PRODUCT_BUNDLE_IDENTIFIER = us.bigtimer.rcsw.NailGuard;
				PRODUCT_NAME = "Nail Timer";
				STRING_CATALOG_GENERATE_SYMBOLS = YES;
				SWIFT_APPROACHABLE_CONCURRENCY = YES;
				SWIFT_DEFAULT_ACTOR_ISOLATION = MainActor;
				SWIFT_EMIT_LOC_STRINGS = YES;
				SWIFT_UPCOMING_FEATURE_MEMBER_IMPORT_VISIBILITY = YES;
				SWIFT_VERSION = 5.0;
				TARGETED_DEVICE_FAMILY = "1,2";
			};
			name = Release;
		};
		367C25092F32790300316D63 /* Debug */ = {
			isa = XCBuildConfiguration;
			buildSettings = {
				BUNDLE_LOADER = "$(TEST_HOST)";
				CODE_SIGN_STYLE = Automatic;
				CURRENT_PROJECT_VERSION = 1;
				DEVELOPMENT_TEAM = XQ9J2D9T83;
				GENERATE_INFOPLIST_FILE = YES;
				IPHONEOS_DEPLOYMENT_TARGET = 26.2;
				MARKETING_VERSION = 1.0;
				PRODUCT_BUNDLE_IDENTIFIER = rcsw.NailGuardTests;
				PRODUCT_NAME = "$(TARGET_NAME)";
				STRING_CATALOG_GENERATE_SYMBOLS = NO;
				SWIFT_APPROACHABLE_CONCURRENCY = YES;
				SWIFT_EMIT_LOC_STRINGS = NO;
				SWIFT_UPCOMING_FEATURE_MEMBER_IMPORT_VISIBILITY = YES;
				SWIFT_VERSION = 5.0;
				TARGETED_DEVICE_FAMILY = "1,2";
				TEST_HOST = "$(BUILT_PRODUCTS_DIR)/NailGuard.app/$(BUNDLE_EXECUTABLE_FOLDER_PATH)/NailGuard";
			};
			name = Debug;
		};
		367C250A2F32790300316D63 /* Release */ = {
			isa = XCBuildConfiguration;
			buildSettings = {
				BUNDLE_LOADER = "$(TEST_HOST)";
				CODE_SIGN_STYLE = Automatic;
				CURRENT_PROJECT_VERSION = 1;
				DEVELOPMENT_TEAM = XQ9J2D9T83;
				GENERATE_INFOPLIST_FILE = YES;
				IPHONEOS_DEPLOYMENT_TARGET = 26.2;
				MARKETING_VERSION = 1.0;
				PRODUCT_BUNDLE_IDENTIFIER = rcsw.NailGuardTests;
				PRODUCT_NAME = "$(TARGET_NAME)";
				STRING_CATALOG_GENERATE_SYMBOLS = NO;
				SWIFT_APPROACHABLE_CONCURRENCY = YES;
				SWIFT_EMIT_LOC_STRINGS = NO;
				SWIFT_UPCOMING_FEATURE_MEMBER_IMPORT_VISIBILITY = YES;
				SWIFT_VERSION = 5.0;
				TARGETED_DEVICE_FAMILY = "1,2";
				TEST_HOST = "$(BUILT_PRODUCTS_DIR)/NailGuard.app/$(BUNDLE_EXECUTABLE_FOLDER_PATH)/NailGuard";
			};
			name = Release;
		};
		367C250C2F32790300316D63 /* Debug */ = {
			isa = XCBuildConfiguration;
			buildSettings = {
				CODE_SIGN_STYLE = Automatic;
				CURRENT_PROJECT_VERSION = 1;
				DEVELOPMENT_TEAM = XQ9J2D9T83;
				GENERATE_INFOPLIST_FILE = YES;
				MARKETING_VERSION = 1.0;
				PRODUCT_BUNDLE_IDENTIFIER = rcsw.NailGuardUITests;
				PRODUCT_NAME = "$(TARGET_NAME)";
				STRING_CATALOG_GENERATE_SYMBOLS = NO;
				SWIFT_APPROACHABLE_CONCURRENCY = YES;
				SWIFT_EMIT_LOC_STRINGS = NO;
				SWIFT_UPCOMING_FEATURE_MEMBER_IMPORT_VISIBILITY = YES;
				SWIFT_VERSION = 5.0;
				TARGETED_DEVICE_FAMILY = "1,2";
				TEST_TARGET_NAME = NailGuard;
			};
			name = Debug;
		};
		367C250D2F32790300316D63 /* Release */ = {
			isa = XCBuildConfiguration;
			buildSettings = {
				CODE_SIGN_STYLE = Automatic;
				CURRENT_PROJECT_VERSION = 1;
				DEVELOPMENT_TEAM = XQ9J2D9T83;
				GENERATE_INFOPLIST_FILE = YES;
				MARKETING_VERSION = 1.0;
				PRODUCT_BUNDLE_IDENTIFIER = rcsw.NailGuardUITests;
				PRODUCT_NAME = "$(TARGET_NAME)";
				STRING_CATALOG_GENERATE_SYMBOLS = NO;
				SWIFT_APPROACHABLE_CONCURRENCY = YES;
				SWIFT_EMIT_LOC_STRINGS = NO;
				SWIFT_UPCOMING_FEATURE_MEMBER_IMPORT_VISIBILITY = YES;
				SWIFT_VERSION = 5.0;
				TARGETED_DEVICE_FAMILY = "1,2";
				TEST_TARGET_NAME = NailGuard;
			};
			name = Release;
		};
		367C25342F32796500316D63 /* Debug */ = {
			isa = XCBuildConfiguration;
			buildSettings = {
				ASSETCATALOG_COMPILER_APPICON_NAME = AppIcon;
				ASSETCATALOG_COMPILER_GLOBAL_ACCENT_COLOR_NAME = AccentColor;
				CODE_SIGN_ENTITLEMENTS = "NailGuardWatch Watch App/NailGuardWatch Watch App.entitlements";
				CODE_SIGN_STYLE = Automatic;
				CURRENT_PROJECT_VERSION = 1;
				DEVELOPMENT_TEAM = XQ9J2D9T83;
				ENABLE_PREVIEWS = YES;
				GENERATE_INFOPLIST_FILE = YES;
				INFOPLIST_FILE = "NailGuardWatch-Watch-App-Info.plist";
				INFOPLIST_KEY_CFBundleDisplayName = NailGuardWatch;
				INFOPLIST_KEY_LSSupportsOpeningDocumentsInPlace = YES;
				INFOPLIST_KEY_UISupportedInterfaceOrientations = "UIInterfaceOrientationPortrait UIInterfaceOrientationPortraitUpsideDown";
				INFOPLIST_KEY_WKCompanionAppBundleIdentifier = us.bigtimer.rcsw.NailGuard;
				IPHONEOS_DEPLOYMENT_TARGET = 17.6;
				LD_RUNPATH_SEARCH_PATHS = (
					"$(inherited)",
					"@executable_path/Frameworks",
				);
				MARKETING_VERSION = 1.0;
				PRODUCT_BUNDLE_IDENTIFIER = us.bigtimer.rcsw.NailGuard.watch;
				PRODUCT_NAME = "Nail Timer Watch App";
				SDKROOT = watchos;
				SKIP_INSTALL = YES;
				STRING_CATALOG_GENERATE_SYMBOLS = YES;
				SWIFT_APPROACHABLE_CONCURRENCY = YES;
				SWIFT_DEFAULT_ACTOR_ISOLATION = MainActor;
				SWIFT_EMIT_LOC_STRINGS = YES;
				SWIFT_UPCOMING_FEATURE_MEMBER_IMPORT_VISIBILITY = YES;
				SWIFT_VERSION = 5.0;
				TARGETED_DEVICE_FAMILY = 4;
				WATCHOS_DEPLOYMENT_TARGET = 10.6;
			};
			name = Debug;
		};
		367C25352F32796500316D63 /* Release */ = {
			isa = XCBuildConfiguration;
			buildSettings = {
				ASSETCATALOG_COMPILER_APPICON_NAME = AppIcon;
				ASSETCATALOG_COMPILER_GLOBAL_ACCENT_COLOR_NAME = AccentColor;
				CODE_SIGN_ENTITLEMENTS = "NailGuardWatch Watch App/NailGuardWatch Watch App.entitlements";
				CODE_SIGN_STYLE = Automatic;
				CURRENT_PROJECT_VERSION = 1;
				DEVELOPMENT_TEAM = XQ9J2D9T83;
				ENABLE_PREVIEWS = YES;
				GENERATE_INFOPLIST_FILE = YES;
				INFOPLIST_FILE = "NailGuardWatch-Watch-App-Info.plist";
				INFOPLIST_KEY_CFBundleDisplayName = NailGuardWatch;
				INFOPLIST_KEY_LSSupportsOpeningDocumentsInPlace = YES;
				INFOPLIST_KEY_UISupportedInterfaceOrientations = "UIInterfaceOrientationPortrait UIInterfaceOrientationPortraitUpsideDown";
				INFOPLIST_KEY_WKCompanionAppBundleIdentifier = us.bigtimer.rcsw.NailGuard;
				IPHONEOS_DEPLOYMENT_TARGET = 17.6;
				LD_RUNPATH_SEARCH_PATHS = (
					"$(inherited)",
					"@executable_path/Frameworks",
				);
				MARKETING_VERSION = 1.0;
				PRODUCT_BUNDLE_IDENTIFIER = us.bigtimer.rcsw.NailGuard.watch;
				PRODUCT_NAME = "Nail Timer Watch App";
				SDKROOT = watchos;
				SKIP_INSTALL = YES;
				STRING_CATALOG_GENERATE_SYMBOLS = YES;
				SWIFT_APPROACHABLE_CONCURRENCY = YES;
				SWIFT_DEFAULT_ACTOR_ISOLATION = MainActor;
				SWIFT_EMIT_LOC_STRINGS = YES;
				SWIFT_UPCOMING_FEATURE_MEMBER_IMPORT_VISIBILITY = YES;
				SWIFT_VERSION = 5.0;
				TARGETED_DEVICE_FAMILY = 4;
				WATCHOS_DEPLOYMENT_TARGET = 10.6;
			};
			name = Release;
		};
		367C25382F32796500316D63 /* Debug */ = {
			isa = XCBuildConfiguration;
			buildSettings = {
				BUNDLE_LOADER = "$(TEST_HOST)";
				CODE_SIGN_STYLE = Automatic;
				CURRENT_PROJECT_VERSION = 1;
				DEVELOPMENT_TEAM = 5C7PJ9NG5T;
				GENERATE_INFOPLIST_FILE = YES;
				MARKETING_VERSION = 1.0;
				PRODUCT_BUNDLE_IDENTIFIER = "rcsw.NailGuardWatch-Watch-AppTests";
				PRODUCT_NAME = "$(TARGET_NAME)";
				SDKROOT = watchos;
				STRING_CATALOG_GENERATE_SYMBOLS = NO;
				SWIFT_APPROACHABLE_CONCURRENCY = YES;
				SWIFT_EMIT_LOC_STRINGS = NO;
				SWIFT_UPCOMING_FEATURE_MEMBER_IMPORT_VISIBILITY = YES;
				SWIFT_VERSION = 5.0;
				TARGETED_DEVICE_FAMILY = 4;
				TEST_HOST = "$(BUILT_PRODUCTS_DIR)/NailGuardWatch Watch App.app/$(BUNDLE_EXECUTABLE_FOLDER_PATH)/NailGuardWatch Watch App";
				WATCHOS_DEPLOYMENT_TARGET = 26.2;
			};
			name = Debug;
		};
		367C25392F32796500316D63 /* Release */ = {
			isa = XCBuildConfiguration;
			buildSettings = {
				BUNDLE_LOADER = "$(TEST_HOST)";
				CODE_SIGN_STYLE = Automatic;
				CURRENT_PROJECT_VERSION = 1;
				DEVELOPMENT_TEAM = 5C7PJ9NG5T;
				GENERATE_INFOPLIST_FILE = YES;
				MARKETING_VERSION = 1.0;
				PRODUCT_BUNDLE_IDENTIFIER = "rcsw.NailGuardWatch-Watch-AppTests";
				PRODUCT_NAME = "$(TARGET_NAME)";
				SDKROOT = watchos;
				STRING_CATALOG_GENERATE_SYMBOLS = NO;
				SWIFT_APPROACHABLE_CONCURRENCY = YES;
				SWIFT_EMIT_LOC_STRINGS = NO;
				SWIFT_UPCOMING_FEATURE_MEMBER_IMPORT_VISIBILITY = YES;
				SWIFT_VERSION = 5.0;
				TARGETED_DEVICE_FAMILY = 4;
				TEST_HOST = "$(BUILT_PRODUCTS_DIR)/NailGuardWatch Watch App.app/$(BUNDLE_EXECUTABLE_FOLDER_PATH)/NailGuardWatch Watch App";
				WATCHOS_DEPLOYMENT_TARGET = 26.2;
			};
			name = Release;
		};
		367C253B2F32796500316D63 /* Debug */ = {
			isa = XCBuildConfiguration;
			buildSettings = {
				CODE_SIGN_STYLE = Automatic;
				CURRENT_PROJECT_VERSION = 1;
				DEVELOPMENT_TEAM = 5C7PJ9NG5T;
				GENERATE_INFOPLIST_FILE = YES;
				MARKETING_VERSION = 1.0;
				PRODUCT_BUNDLE_IDENTIFIER = "rcsw.NailGuardWatch-Watch-AppUITests";
				PRODUCT_NAME = "$(TARGET_NAME)";
				SDKROOT = watchos;
				STRING_CATALOG_GENERATE_SYMBOLS = NO;
				SWIFT_APPROACHABLE_CONCURRENCY = YES;
				SWIFT_EMIT_LOC_STRINGS = NO;
				SWIFT_UPCOMING_FEATURE_MEMBER_IMPORT_VISIBILITY = YES;
				SWIFT_VERSION = 5.0;
				TARGETED_DEVICE_FAMILY = 4;
				TEST_TARGET_NAME = "NailGuardWatch Watch App";
				WATCHOS_DEPLOYMENT_TARGET = 26.2;
			};
			name = Debug;
		};
		367C253C2F32796500316D63 /* Release */ = {
			isa = XCBuildConfiguration;
			buildSettings = {
				CODE_SIGN_STYLE = Automatic;
				CURRENT_PROJECT_VERSION = 1;
				DEVELOPMENT_TEAM = 5C7PJ9NG5T;
				GENERATE_INFOPLIST_FILE = YES;
				MARKETING_VERSION = 1.0;
				PRODUCT_BUNDLE_IDENTIFIER = "rcsw.NailGuardWatch-Watch-AppUITests";
				PRODUCT_NAME = "$(TARGET_NAME)";
				SDKROOT = watchos;
				STRING_CATALOG_GENERATE_SYMBOLS = NO;
				SWIFT_APPROACHABLE_CONCURRENCY = YES;
				SWIFT_EMIT_LOC_STRINGS = NO;
				SWIFT_UPCOMING_FEATURE_MEMBER_IMPORT_VISIBILITY = YES;
				SWIFT_VERSION = 5.0;
				TARGETED_DEVICE_FAMILY = 4;
				TEST_TARGET_NAME = "NailGuardWatch Watch App";
				WATCHOS_DEPLOYMENT_TARGET = 26.2;
			};
			name = Release;
		};
/* End XCBuildConfiguration section */

/* Begin XCConfigurationList section */
		367C24DF2F32790100316D63 /* Build configuration list for PBXProject "NailGuard" */ = {
			isa = XCConfigurationList;
			buildConfigurations = (
				367C25032F32790300316D63 /* Debug */,
				367C25042F32790300316D63 /* Release */,
			);
			defaultConfigurationIsVisible = 0;
			defaultConfigurationName = Release;
		};
		367C25052F32790300316D63 /* Build configuration list for PBXNativeTarget "NailGuard" */ = {
			isa = XCConfigurationList;
			buildConfigurations = (
				367C25062F32790300316D63 /* Debug */,
				367C25072F32790300316D63 /* Release */,
			);
			defaultConfigurationIsVisible = 0;
			defaultConfigurationName = Release;
		};
		367C25082F32790300316D63 /* Build configuration list for PBXNativeTarget "NailGuardTests" */ = {
			isa = XCConfigurationList;
			buildConfigurations = (
				367C25092F32790300316D63 /* Debug */,
				367C250A2F32790300316D63 /* Release */,
			);
			defaultConfigurationIsVisible = 0;
			defaultConfigurationName = Release;
		};
		367C250B2F32790300316D63 /* Build configuration list for PBXNativeTarget "NailGuardUITests" */ = {
			isa = XCConfigurationList;
			buildConfigurations = (
				367C250C2F32790300316D63 /* Debug */,
				367C250D2F32790300316D63 /* Release */,
			);
			defaultConfigurationIsVisible = 0;
			defaultConfigurationName = Release;
		};
		367C25332F32796500316D63 /* Build configuration list for PBXNativeTarget "NailGuardWatch Watch App" */ = {
			isa = XCConfigurationList;
			buildConfigurations = (
				367C25342F32796500316D63 /* Debug */,
				367C25352F32796500316D63 /* Release */,
			);
			defaultConfigurationIsVisible = 0;
			defaultConfigurationName = Release;
		};
		367C25372F32796500316D63 /* Build configuration list for PBXNativeTarget "NailGuardWatch Watch AppTests" */ = {
			isa = XCConfigurationList;
			buildConfigurations = (
				367C25382F32796500316D63 /* Debug */,
				367C25392F32796500316D63 /* Release */,
			);
			defaultConfigurationIsVisible = 0;
			defaultConfigurationName = Release;
		};
		367C253A2F32796500316D63 /* Build configuration list for PBXNativeTarget "NailGuardWatch Watch AppUITests" */ = {
			isa = XCConfigurationList;
			buildConfigurations = (
				367C253B2F32796500316D63 /* Debug */,
				367C253C2F32796500316D63 /* Release */,
			);
			defaultConfigurationIsVisible = 0;
			defaultConfigurationName = Release;
		};
/* End XCConfigurationList section */
	};
	rootObject = 367C24DC2F32790100316D63 /* Project object */;
}
